<?xml version="1.0" encoding="utf-8"?>
<Project ToolsVersion="4.0" xmlns="http://schemas.microsoft.com/developer/msbuild/2003">
  <ItemGroup>
    <Filter Include="Source Files">
      <UniqueIdentifier>{e2b9fc90-2d85-432f-be62-86d515692fc2}</UniqueIdentifier>
      <Extensions>cpp;c;cxx;rc;def;r;odl;hpj;bat;for;f90</Extensions>
    </Filter>
    <Filter Include="Header Files">
      <UniqueIdentifier>{a0a1c4b6-c730-4df3-b7e6-de9eb6a2e1f6}</UniqueIdentifier>
      <Extensions>h;hpp;hxx;hm;inl;fi;fd</Extensions>
    </Filter>
    <Filter Include="Resource Files">
      <UniqueIdentifier>{beca3f9c-cbec-40d1-bdc4-0903ce5e1524}</UniqueIdentifier>
      <Extensions>ico;cur;bmp;dlg;rc2;rct;bin;cnt;rtf;gif;jpg;jpeg;jpe</Extensions>
    </Filter>
  </ItemGroup>
  <ItemGroup>
    <ClCompile Include="Connect.cpp">
      <Filter>Source Files</Filter>
    </ClCompile>
    <ClCompile Include="DSCArrayTest.cpp">
      <Filter>Source Files</Filter>
    </ClCompile>
    <ClCompile Include="preconn.cpp">
      <Filter>Source Files</Filter>
    </ClCompile>
    <ClCompile Include="PyCOMImpl.cpp">
      <Filter>Source Files</Filter>
    </ClCompile>
    <ClCompile Include="SimpleCounter.cpp">
      <Filter>Source Files</Filter>
    </ClCompile>
  </ItemGroup>
  <ItemGroup>
    <ResourceCompile Include="Connect.rc">
      <Filter>Source Files</Filter>
    </ResourceCompile>
  </ItemGroup>
  <ItemGroup>
    <ClInclude Include="DSCArrayTest.h">
      <Filter>Header Files</Filter>
    </ClInclude>
    <ClInclude Include="preconn.h">
      <Filter>Header Files</Filter>
    </ClInclude>
    <ClInclude Include="PyCOMImpl.h">
      <Filter>Header Files</Filter>
    </ClInclude>
    <ClInclude Include="SimpleCounter.h">
      <Filter>Header Files</Filter>
    </ClInclude>
  </ItemGroup>
  <ItemGroup>
    <CustomBuild Include="ArrayTest.rgs">
      <Filter>Source Files</Filter>
    </CustomBuild>
    <CustomBuild Include="Connect.def">
      <Filter>Source Files</Filter>
    </CustomBuild>
    <CustomBuild Include="PyCOMTest.idl">
      <Filter>Source Files</Filter>
    </CustomBuild>
    <CustomBuild Include="PyCOMTest.rgs">
      <Filter>Source Files</Filter>
    </CustomBuild>
  </ItemGroup>
</Project>